github.com/brianvoe/gofakeit/v7 v7.1.2 h1:vSKaVScNhWVpf1rlyEKSvO8zKZfuDtGqoIHT//iNNb8=
github.com/brianvoe/gofakeit/v7 v7.1.2/go.mod h1:QXuPeBw164PJCzCUZVmgpgHJ3Llj49jSLVkKPMtxtxA=
github.com/confluentinc/confluent-kafka-go/v2 v2.6.1 h1:XFkytnGvk/ZcY2qU0ql4E4h+ftBaGqkLO7tlZ4kRbr4=
github.com/confluentinc/confluent-kafka-go/v2 v2.6.1/go.mod h1:hScqtFIGUI1wqHIgM3mjoqEou4VweGGGX7dMpcUKves=
github.com/google/uuid v1.6.0 h1:NIvaJDMOsjHA8n1jAhLSgzrAzy1Hgr+hNrb57e+94F0=
github.com/google/uuid v1.6.0/go.mod h1:TIyPZe4MgqvfeYDBFedMoGGpEw/LqOeaOT+nhxU+yHo=
golang.org/x/sync v0.10.0 h1:3NQrjDixjgGwUOCaF8w2+VYHv0Ve/vGYSbdkTa98gmQ=
golang.org/x/sync v0.10.0/go.mod h1:Czt+wKu1gCyEFDUtn0jG5QVvpJ6rzVqr5aXyt9drQfk=
